
Microsoft Visual Studio Solution File, Format Version 12.00
# Visual Studio 14
VisualStudioVersion = 14.0.24720.0
MinimumVisualStudioVersion = 10.0.40219.1
Project("{FAE04EC0-301F-11D3-BF4B-00C04F79EFBC}") = "Messier16.Forms.Controls", "Controls\Messier16.Forms.Controls.csproj", "{5F958911-0744-4AB9-B453-FC571F05B888}"
EndProject
Project("{FAE04EC0-301F-11D3-BF4B-00C04F79EFBC}") = "Messier16.Forms.iOS.Controls", "iOS.Controls\Messier16.Forms.iOS.Controls.csproj", "{5C56EEFE-9135-4C99-9F38-B7A701152C7B}"
EndProject
Project("{FAE04EC0-301F-11D3-BF4B-00C04F79EFBC}") = "Messier16.Forms.Android.Controls", "Android.Controls\Messier16.Forms.Android.Controls.csproj", "{71A19843-2542-48AE-A736-A0D9E71524A1}"
EndProject
Global
	GlobalSection(SolutionConfigurationPlatforms) = preSolution
		AppStore|Any CPU = AppStore|Any CPU
		Debug|Any CPU = Debug|Any CPU
		Release|Any CPU = Release|Any CPU
	EndGlobalSection
	GlobalSection(ProjectConfigurationPlatforms) = postSolution
		{5F958911-0744-4AB9-B453-FC571F05B888}.AppStore|Any CPU.ActiveCfg = Release|Any CPU
		{5F958911-0744-4AB9-B453-FC571F05B888}.AppStore|Any CPU.Build.0 = Release|Any CPU
		{5F958911-0744-4AB9-B453-FC571F05B888}.Debug|Any CPU.ActiveCfg = Debug|Any CPU
		{5F958911-0744-4AB9-B453-FC571F05B888}.Debug|Any CPU.Build.0 = Debug|Any CPU
		{5F958911-0744-4AB9-B453-FC571F05B888}.Release|Any CPU.ActiveCfg = Release|Any CPU
		{5F958911-0744-4AB9-B453-FC571F05B888}.Release|Any CPU.Build.0 = Release|Any CPU
		{5C56EEFE-9135-4C99-9F38-B7A701152C7B}.AppStore|Any CPU.ActiveCfg = AppStore|Any CPU
		{5C56EEFE-9135-4C99-9F38-B7A701152C7B}.AppStore|Any CPU.Build.0 = AppStore|Any CPU
		{5C56EEFE-9135-4C99-9F38-B7A701152C7B}.Debug|Any CPU.ActiveCfg = Debug|Any CPU
		{5C56EEFE-9135-4C99-9F38-B7A701152C7B}.Debug|Any CPU.Build.0 = Debug|Any CPU
		{5C56EEFE-9135-4C99-9F38-B7A701152C7B}.Release|Any CPU.ActiveCfg = Release|Any CPU
		{5C56EEFE-9135-4C99-9F38-B7A701152C7B}.Release|Any CPU.Build.0 = Release|Any CPU
		{71A19843-2542-48AE-A736-A0D9E71524A1}.AppStore|Any CPU.ActiveCfg = Release|Any CPU
		{71A19843-2542-48AE-A736-A0D9E71524A1}.AppStore|Any CPU.Build.0 = Release|Any CPU
		{71A19843-2542-48AE-A736-A0D9E71524A1}.Debug|Any CPU.ActiveCfg = Debug|Any CPU
		{71A19843-2542-48AE-A736-A0D9E71524A1}.Debug|Any CPU.Build.0 = Debug|Any CPU
		{71A19843-2542-48AE-A736-A0D9E71524A1}.Release|Any CPU.ActiveCfg = Release|Any CPU
		{71A19843-2542-48AE-A736-A0D9E71524A1}.Release|Any CPU.Build.0 = Release|Any CPU
	EndGlobalSection
	GlobalSection(SolutionProperties) = preSolution
		HideSolutionNode = FALSE
	EndGlobalSection
EndGlobal
