
Microsoft Visual Studio Solution File, Format Version 12.00
# Visual Studio 14
VisualStudioVersion = 14.0.25420.1
MinimumVisualStudioVersion = 10.0.40219.1
Project("{FAE04EC0-301F-11D3-BF4B-00C04F79EFBC}") = "TestApp", "TestApp.csproj", "{65443FE2-F8B6-4CB5-B807-25141F3718E3}"
EndProject
Project("{FAE04EC0-301F-11D3-BF4B-00C04F79EFBC}") = "TestApp.iOS", "iOS\TestApp.iOS.csproj", "{E3C4892D-601E-4C3D-8C54-53D2F66BB12F}"
EndProject
Project("{FAE04EC0-301F-11D3-BF4B-00C04F79EFBC}") = "TestApp.Droid", "Droid\TestApp.Droid.csproj", "{17352957-C358-48D0-9F17-97E0D64CEFA7}"
EndProject
Project("{2150E333-8FDC-42A3-9474-1A3956D46DE8}") = "Controls Libraries", "Controls Libraries", "{716F794B-1648-4823-9877-BE9CA68DEDFA}"
EndProject
Project("{FAE04EC0-301F-11D3-BF4B-00C04F79EFBC}") = "Messier16.Forms.Controls", "..\Controls\Messier16.Forms.Controls.csproj", "{5F958911-0744-4AB9-B453-FC571F05B888}"
EndProject
Project("{FAE04EC0-301F-11D3-BF4B-00C04F79EFBC}") = "Messier16.Forms.iOS.Controls", "..\iOS.Controls\Messier16.Forms.iOS.Controls.csproj", "{5C56EEFE-9135-4C99-9F38-B7A701152C7B}"
EndProject
Project("{FAE04EC0-301F-11D3-BF4B-00C04F79EFBC}") = "Messier16.Forms.Android.Controls", "..\Android.Controls\Messier16.Forms.Android.Controls.csproj", "{71A19843-2542-48AE-A736-A0D9E71524A1}"
EndProject
Project("{FAE04EC0-301F-11D3-BF4B-00C04F79EFBC}") = "TestApp.Uwp", "Uwp\TestApp.Uwp.csproj", "{51695409-E905-4B80-9243-AA6B8EA0182D}"
EndProject
Project("{FAE04EC0-301F-11D3-BF4B-00C04F79EFBC}") = "Messier16.Forms.Uwp.Controls", "..\Uwp.Controls\Messier16.Forms.Uwp.Controls.csproj", "{F0706E32-58A2-4BBD-81C1-5F9F3600C9BF}"
EndProject
Project("{9344BDBB-3E7F-41FC-A0DD-8665D75EE146}") = "TestTestApp", "TestTestApp\TestTestApp.csproj", "{AA2A23C6-A967-4E28-8954-7CC913E9C79C}"
EndProject
Global
	GlobalSection(SolutionConfigurationPlatforms) = preSolution
		Debug|Any CPU = Debug|Any CPU
		Debug|ARM = Debug|ARM
		Debug|iPhone = Debug|iPhone
		Debug|iPhoneSimulator = Debug|iPhoneSimulator
		Debug|x64 = Debug|x64
		Debug|x86 = Debug|x86
		Release|Any CPU = Release|Any CPU
		Release|ARM = Release|ARM
		Release|iPhone = Release|iPhone
		Release|iPhoneSimulator = Release|iPhoneSimulator
		Release|x64 = Release|x64
		Release|x86 = Release|x86
	EndGlobalSection
	GlobalSection(ProjectConfigurationPlatforms) = postSolution
		{65443FE2-F8B6-4CB5-B807-25141F3718E3}.Debug|Any CPU.ActiveCfg = Debug|Any CPU
		{65443FE2-F8B6-4CB5-B807-25141F3718E3}.Debug|Any CPU.Build.0 = Debug|Any CPU
		{65443FE2-F8B6-4CB5-B807-25141F3718E3}.Debug|ARM.ActiveCfg = Debug|Any CPU
		{65443FE2-F8B6-4CB5-B807-25141F3718E3}.Debug|ARM.Build.0 = Debug|Any CPU
		{65443FE2-F8B6-4CB5-B807-25141F3718E3}.Debug|iPhone.ActiveCfg = Debug|Any CPU
		{65443FE2-F8B6-4CB5-B807-25141F3718E3}.Debug|iPhone.Build.0 = Debug|Any CPU
		{65443FE2-F8B6-4CB5-B807-25141F3718E3}.Debug|iPhoneSimulator.ActiveCfg = Debug|Any CPU
		{65443FE2-F8B6-4CB5-B807-25141F3718E3}.Debug|iPhoneSimulator.Build.0 = Debug|Any CPU
		{65443FE2-F8B6-4CB5-B807-25141F3718E3}.Debug|x64.ActiveCfg = Debug|Any CPU
		{65443FE2-F8B6-4CB5-B807-25141F3718E3}.Debug|x64.Build.0 = Debug|Any CPU
		{65443FE2-F8B6-4CB5-B807-25141F3718E3}.Debug|x86.ActiveCfg = Debug|Any CPU
		{65443FE2-F8B6-4CB5-B807-25141F3718E3}.Debug|x86.Build.0 = Debug|Any CPU
		{65443FE2-F8B6-4CB5-B807-25141F3718E3}.Release|Any CPU.ActiveCfg = Release|Any CPU
		{65443FE2-F8B6-4CB5-B807-25141F3718E3}.Release|Any CPU.Build.0 = Release|Any CPU
		{65443FE2-F8B6-4CB5-B807-25141F3718E3}.Release|ARM.ActiveCfg = Release|Any CPU
		{65443FE2-F8B6-4CB5-B807-25141F3718E3}.Release|ARM.Build.0 = Release|Any CPU
		{65443FE2-F8B6-4CB5-B807-25141F3718E3}.Release|iPhone.ActiveCfg = Release|Any CPU
		{65443FE2-F8B6-4CB5-B807-25141F3718E3}.Release|iPhone.Build.0 = Release|Any CPU
		{65443FE2-F8B6-4CB5-B807-25141F3718E3}.Release|iPhoneSimulator.ActiveCfg = Release|Any CPU
		{65443FE2-F8B6-4CB5-B807-25141F3718E3}.Release|iPhoneSimulator.Build.0 = Release|Any CPU
		{65443FE2-F8B6-4CB5-B807-25141F3718E3}.Release|x64.ActiveCfg = Release|Any CPU
		{65443FE2-F8B6-4CB5-B807-25141F3718E3}.Release|x64.Build.0 = Release|Any CPU
		{65443FE2-F8B6-4CB5-B807-25141F3718E3}.Release|x86.ActiveCfg = Release|Any CPU
		{65443FE2-F8B6-4CB5-B807-25141F3718E3}.Release|x86.Build.0 = Release|Any CPU
		{E3C4892D-601E-4C3D-8C54-53D2F66BB12F}.Debug|Any CPU.ActiveCfg = Debug|iPhoneSimulator
		{E3C4892D-601E-4C3D-8C54-53D2F66BB12F}.Debug|Any CPU.Build.0 = Debug|iPhoneSimulator
		{E3C4892D-601E-4C3D-8C54-53D2F66BB12F}.Debug|Any CPU.Deploy.0 = Debug|iPhoneSimulator
		{E3C4892D-601E-4C3D-8C54-53D2F66BB12F}.Debug|ARM.ActiveCfg = Debug|iPhone
		{E3C4892D-601E-4C3D-8C54-53D2F66BB12F}.Debug|iPhone.ActiveCfg = Debug|iPhone
		{E3C4892D-601E-4C3D-8C54-53D2F66BB12F}.Debug|iPhone.Build.0 = Debug|iPhone
		{E3C4892D-601E-4C3D-8C54-53D2F66BB12F}.Debug|iPhoneSimulator.ActiveCfg = Debug|iPhoneSimulator
		{E3C4892D-601E-4C3D-8C54-53D2F66BB12F}.Debug|iPhoneSimulator.Build.0 = Debug|iPhoneSimulator
		{E3C4892D-601E-4C3D-8C54-53D2F66BB12F}.Debug|x64.ActiveCfg = Debug|iPhone
		{E3C4892D-601E-4C3D-8C54-53D2F66BB12F}.Debug|x86.ActiveCfg = Debug|iPhone
		{E3C4892D-601E-4C3D-8C54-53D2F66BB12F}.Release|Any CPU.ActiveCfg = Release|iPhone
		{E3C4892D-601E-4C3D-8C54-53D2F66BB12F}.Release|Any CPU.Build.0 = Release|iPhone
		{E3C4892D-601E-4C3D-8C54-53D2F66BB12F}.Release|ARM.ActiveCfg = Release|iPhoneSimulator
		{E3C4892D-601E-4C3D-8C54-53D2F66BB12F}.Release|iPhone.ActiveCfg = Release|iPhone
		{E3C4892D-601E-4C3D-8C54-53D2F66BB12F}.Release|iPhone.Build.0 = Release|iPhone
		{E3C4892D-601E-4C3D-8C54-53D2F66BB12F}.Release|iPhoneSimulator.ActiveCfg = Release|iPhoneSimulator
		{E3C4892D-601E-4C3D-8C54-53D2F66BB12F}.Release|iPhoneSimulator.Build.0 = Release|iPhoneSimulator
		{E3C4892D-601E-4C3D-8C54-53D2F66BB12F}.Release|x64.ActiveCfg = Release|iPhoneSimulator
		{E3C4892D-601E-4C3D-8C54-53D2F66BB12F}.Release|x86.ActiveCfg = Release|iPhoneSimulator
		{17352957-C358-48D0-9F17-97E0D64CEFA7}.Debug|Any CPU.ActiveCfg = Debug|Any CPU
		{17352957-C358-48D0-9F17-97E0D64CEFA7}.Debug|Any CPU.Build.0 = Debug|Any CPU
		{17352957-C358-48D0-9F17-97E0D64CEFA7}.Debug|Any CPU.Deploy.0 = Debug|Any CPU
		{17352957-C358-48D0-9F17-97E0D64CEFA7}.Debug|ARM.ActiveCfg = Debug|Any CPU
		{17352957-C358-48D0-9F17-97E0D64CEFA7}.Debug|ARM.Build.0 = Debug|Any CPU
		{17352957-C358-48D0-9F17-97E0D64CEFA7}.Debug|ARM.Deploy.0 = Debug|Any CPU
		{17352957-C358-48D0-9F17-97E0D64CEFA7}.Debug|iPhone.ActiveCfg = Debug|Any CPU
		{17352957-C358-48D0-9F17-97E0D64CEFA7}.Debug|iPhone.Build.0 = Debug|Any CPU
		{17352957-C358-48D0-9F17-97E0D64CEFA7}.Debug|iPhoneSimulator.ActiveCfg = Debug|Any CPU
		{17352957-C358-48D0-9F17-97E0D64CEFA7}.Debug|iPhoneSimulator.Build.0 = Debug|Any CPU
		{17352957-C358-48D0-9F17-97E0D64CEFA7}.Debug|x64.ActiveCfg = Debug|Any CPU
		{17352957-C358-48D0-9F17-97E0D64CEFA7}.Debug|x64.Build.0 = Debug|Any CPU
		{17352957-C358-48D0-9F17-97E0D64CEFA7}.Debug|x64.Deploy.0 = Debug|Any CPU
		{17352957-C358-48D0-9F17-97E0D64CEFA7}.Debug|x86.ActiveCfg = Debug|Any CPU
		{17352957-C358-48D0-9F17-97E0D64CEFA7}.Debug|x86.Build.0 = Debug|Any CPU
		{17352957-C358-48D0-9F17-97E0D64CEFA7}.Debug|x86.Deploy.0 = Debug|Any CPU
		{17352957-C358-48D0-9F17-97E0D64CEFA7}.Release|Any CPU.ActiveCfg = Release|Any CPU
		{17352957-C358-48D0-9F17-97E0D64CEFA7}.Release|Any CPU.Build.0 = Release|Any CPU
		{17352957-C358-48D0-9F17-97E0D64CEFA7}.Release|ARM.ActiveCfg = Release|Any CPU
		{17352957-C358-48D0-9F17-97E0D64CEFA7}.Release|ARM.Build.0 = Release|Any CPU
		{17352957-C358-48D0-9F17-97E0D64CEFA7}.Release|ARM.Deploy.0 = Release|Any CPU
		{17352957-C358-48D0-9F17-97E0D64CEFA7}.Release|iPhone.ActiveCfg = Release|Any CPU
		{17352957-C358-48D0-9F17-97E0D64CEFA7}.Release|iPhone.Build.0 = Release|Any CPU
		{17352957-C358-48D0-9F17-97E0D64CEFA7}.Release|iPhoneSimulator.ActiveCfg = Release|Any CPU
		{17352957-C358-48D0-9F17-97E0D64CEFA7}.Release|iPhoneSimulator.Build.0 = Release|Any CPU
		{17352957-C358-48D0-9F17-97E0D64CEFA7}.Release|x64.ActiveCfg = Release|Any CPU
		{17352957-C358-48D0-9F17-97E0D64CEFA7}.Release|x64.Build.0 = Release|Any CPU
		{17352957-C358-48D0-9F17-97E0D64CEFA7}.Release|x64.Deploy.0 = Release|Any CPU
		{17352957-C358-48D0-9F17-97E0D64CEFA7}.Release|x86.ActiveCfg = Release|Any CPU
		{17352957-C358-48D0-9F17-97E0D64CEFA7}.Release|x86.Build.0 = Release|Any CPU
		{17352957-C358-48D0-9F17-97E0D64CEFA7}.Release|x86.Deploy.0 = Release|Any CPU
		{5F958911-0744-4AB9-B453-FC571F05B888}.Debug|Any CPU.ActiveCfg = Debug|Any CPU
		{5F958911-0744-4AB9-B453-FC571F05B888}.Debug|Any CPU.Build.0 = Debug|Any CPU
		{5F958911-0744-4AB9-B453-FC571F05B888}.Debug|ARM.ActiveCfg = Debug|Any CPU
		{5F958911-0744-4AB9-B453-FC571F05B888}.Debug|ARM.Build.0 = Debug|Any CPU
		{5F958911-0744-4AB9-B453-FC571F05B888}.Debug|iPhone.ActiveCfg = Debug|Any CPU
		{5F958911-0744-4AB9-B453-FC571F05B888}.Debug|iPhone.Build.0 = Debug|Any CPU
		{5F958911-0744-4AB9-B453-FC571F05B888}.Debug|iPhoneSimulator.ActiveCfg = Debug|Any CPU
		{5F958911-0744-4AB9-B453-FC571F05B888}.Debug|iPhoneSimulator.Build.0 = Debug|Any CPU
		{5F958911-0744-4AB9-B453-FC571F05B888}.Debug|x64.ActiveCfg = Debug|Any CPU
		{5F958911-0744-4AB9-B453-FC571F05B888}.Debug|x64.Build.0 = Debug|Any CPU
		{5F958911-0744-4AB9-B453-FC571F05B888}.Debug|x86.ActiveCfg = Debug|Any CPU
		{5F958911-0744-4AB9-B453-FC571F05B888}.Debug|x86.Build.0 = Debug|Any CPU
		{5F958911-0744-4AB9-B453-FC571F05B888}.Release|Any CPU.ActiveCfg = Release|Any CPU
		{5F958911-0744-4AB9-B453-FC571F05B888}.Release|Any CPU.Build.0 = Release|Any CPU
		{5F958911-0744-4AB9-B453-FC571F05B888}.Release|ARM.ActiveCfg = Release|Any CPU
		{5F958911-0744-4AB9-B453-FC571F05B888}.Release|ARM.Build.0 = Release|Any CPU
		{5F958911-0744-4AB9-B453-FC571F05B888}.Release|iPhone.ActiveCfg = Release|Any CPU
		{5F958911-0744-4AB9-B453-FC571F05B888}.Release|iPhone.Build.0 = Release|Any CPU
		{5F958911-0744-4AB9-B453-FC571F05B888}.Release|iPhoneSimulator.ActiveCfg = Release|Any CPU
		{5F958911-0744-4AB9-B453-FC571F05B888}.Release|iPhoneSimulator.Build.0 = Release|Any CPU
		{5F958911-0744-4AB9-B453-FC571F05B888}.Release|x64.ActiveCfg = Release|Any CPU
		{5F958911-0744-4AB9-B453-FC571F05B888}.Release|x64.Build.0 = Release|Any CPU
		{5F958911-0744-4AB9-B453-FC571F05B888}.Release|x86.ActiveCfg = Release|Any CPU
		{5F958911-0744-4AB9-B453-FC571F05B888}.Release|x86.Build.0 = Release|Any CPU
		{5C56EEFE-9135-4C99-9F38-B7A701152C7B}.Debug|Any CPU.ActiveCfg = Debug|Any CPU
		{5C56EEFE-9135-4C99-9F38-B7A701152C7B}.Debug|Any CPU.Build.0 = Debug|Any CPU
		{5C56EEFE-9135-4C99-9F38-B7A701152C7B}.Debug|ARM.ActiveCfg = Debug|Any CPU
		{5C56EEFE-9135-4C99-9F38-B7A701152C7B}.Debug|ARM.Build.0 = Debug|Any CPU
		{5C56EEFE-9135-4C99-9F38-B7A701152C7B}.Debug|iPhone.ActiveCfg = Debug|Any CPU
		{5C56EEFE-9135-4C99-9F38-B7A701152C7B}.Debug|iPhone.Build.0 = Debug|Any CPU
		{5C56EEFE-9135-4C99-9F38-B7A701152C7B}.Debug|iPhoneSimulator.ActiveCfg = Debug|Any CPU
		{5C56EEFE-9135-4C99-9F38-B7A701152C7B}.Debug|iPhoneSimulator.Build.0 = Debug|Any CPU
		{5C56EEFE-9135-4C99-9F38-B7A701152C7B}.Debug|x64.ActiveCfg = Debug|Any CPU
		{5C56EEFE-9135-4C99-9F38-B7A701152C7B}.Debug|x64.Build.0 = Debug|Any CPU
		{5C56EEFE-9135-4C99-9F38-B7A701152C7B}.Debug|x86.ActiveCfg = Debug|Any CPU
		{5C56EEFE-9135-4C99-9F38-B7A701152C7B}.Debug|x86.Build.0 = Debug|Any CPU
		{5C56EEFE-9135-4C99-9F38-B7A701152C7B}.Release|Any CPU.ActiveCfg = Release|Any CPU
		{5C56EEFE-9135-4C99-9F38-B7A701152C7B}.Release|Any CPU.Build.0 = Release|Any CPU
		{5C56EEFE-9135-4C99-9F38-B7A701152C7B}.Release|ARM.ActiveCfg = Release|Any CPU
		{5C56EEFE-9135-4C99-9F38-B7A701152C7B}.Release|ARM.Build.0 = Release|Any CPU
		{5C56EEFE-9135-4C99-9F38-B7A701152C7B}.Release|iPhone.ActiveCfg = Release|Any CPU
		{5C56EEFE-9135-4C99-9F38-B7A701152C7B}.Release|iPhone.Build.0 = Release|Any CPU
		{5C56EEFE-9135-4C99-9F38-B7A701152C7B}.Release|iPhoneSimulator.ActiveCfg = Release|Any CPU
		{5C56EEFE-9135-4C99-9F38-B7A701152C7B}.Release|iPhoneSimulator.Build.0 = Release|Any CPU
		{5C56EEFE-9135-4C99-9F38-B7A701152C7B}.Release|x64.ActiveCfg = Release|Any CPU
		{5C56EEFE-9135-4C99-9F38-B7A701152C7B}.Release|x64.Build.0 = Release|Any CPU
		{5C56EEFE-9135-4C99-9F38-B7A701152C7B}.Release|x86.ActiveCfg = Release|Any CPU
		{5C56EEFE-9135-4C99-9F38-B7A701152C7B}.Release|x86.Build.0 = Release|Any CPU
		{71A19843-2542-48AE-A736-A0D9E71524A1}.Debug|Any CPU.ActiveCfg = Debug|Any CPU
		{71A19843-2542-48AE-A736-A0D9E71524A1}.Debug|Any CPU.Build.0 = Debug|Any CPU
		{71A19843-2542-48AE-A736-A0D9E71524A1}.Debug|ARM.ActiveCfg = Debug|Any CPU
		{71A19843-2542-48AE-A736-A0D9E71524A1}.Debug|ARM.Build.0 = Debug|Any CPU
		{71A19843-2542-48AE-A736-A0D9E71524A1}.Debug|iPhone.ActiveCfg = Debug|Any CPU
		{71A19843-2542-48AE-A736-A0D9E71524A1}.Debug|iPhone.Build.0 = Debug|Any CPU
		{71A19843-2542-48AE-A736-A0D9E71524A1}.Debug|iPhoneSimulator.ActiveCfg = Debug|Any CPU
		{71A19843-2542-48AE-A736-A0D9E71524A1}.Debug|iPhoneSimulator.Build.0 = Debug|Any CPU
		{71A19843-2542-48AE-A736-A0D9E71524A1}.Debug|x64.ActiveCfg = Debug|Any CPU
		{71A19843-2542-48AE-A736-A0D9E71524A1}.Debug|x64.Build.0 = Debug|Any CPU
		{71A19843-2542-48AE-A736-A0D9E71524A1}.Debug|x86.ActiveCfg = Debug|Any CPU
		{71A19843-2542-48AE-A736-A0D9E71524A1}.Debug|x86.Build.0 = Debug|Any CPU
		{71A19843-2542-48AE-A736-A0D9E71524A1}.Release|Any CPU.ActiveCfg = Release|Any CPU
		{71A19843-2542-48AE-A736-A0D9E71524A1}.Release|Any CPU.Build.0 = Release|Any CPU
		{71A19843-2542-48AE-A736-A0D9E71524A1}.Release|ARM.ActiveCfg = Release|Any CPU
		{71A19843-2542-48AE-A736-A0D9E71524A1}.Release|ARM.Build.0 = Release|Any CPU
		{71A19843-2542-48AE-A736-A0D9E71524A1}.Release|iPhone.ActiveCfg = Release|Any CPU
		{71A19843-2542-48AE-A736-A0D9E71524A1}.Release|iPhone.Build.0 = Release|Any CPU
		{71A19843-2542-48AE-A736-A0D9E71524A1}.Release|iPhoneSimulator.ActiveCfg = Release|Any CPU
		{71A19843-2542-48AE-A736-A0D9E71524A1}.Release|iPhoneSimulator.Build.0 = Release|Any CPU
		{71A19843-2542-48AE-A736-A0D9E71524A1}.Release|x64.ActiveCfg = Release|Any CPU
		{71A19843-2542-48AE-A736-A0D9E71524A1}.Release|x64.Build.0 = Release|Any CPU
		{71A19843-2542-48AE-A736-A0D9E71524A1}.Release|x86.ActiveCfg = Release|Any CPU
		{71A19843-2542-48AE-A736-A0D9E71524A1}.Release|x86.Build.0 = Release|Any CPU
		{51695409-E905-4B80-9243-AA6B8EA0182D}.Debug|Any CPU.ActiveCfg = Debug|x86
		{51695409-E905-4B80-9243-AA6B8EA0182D}.Debug|Any CPU.Build.0 = Debug|x86
		{51695409-E905-4B80-9243-AA6B8EA0182D}.Debug|Any CPU.Deploy.0 = Debug|x86
		{51695409-E905-4B80-9243-AA6B8EA0182D}.Debug|ARM.ActiveCfg = Debug|ARM
		{51695409-E905-4B80-9243-AA6B8EA0182D}.Debug|ARM.Build.0 = Debug|ARM
		{51695409-E905-4B80-9243-AA6B8EA0182D}.Debug|ARM.Deploy.0 = Debug|ARM
		{51695409-E905-4B80-9243-AA6B8EA0182D}.Debug|iPhone.ActiveCfg = Debug|x86
		{51695409-E905-4B80-9243-AA6B8EA0182D}.Debug|iPhoneSimulator.ActiveCfg = Debug|x86
		{51695409-E905-4B80-9243-AA6B8EA0182D}.Debug|x64.ActiveCfg = Debug|x64
		{51695409-E905-4B80-9243-AA6B8EA0182D}.Debug|x64.Build.0 = Debug|x64
		{51695409-E905-4B80-9243-AA6B8EA0182D}.Debug|x64.Deploy.0 = Debug|x64
		{51695409-E905-4B80-9243-AA6B8EA0182D}.Debug|x86.ActiveCfg = Debug|x86
		{51695409-E905-4B80-9243-AA6B8EA0182D}.Debug|x86.Build.0 = Debug|x86
		{51695409-E905-4B80-9243-AA6B8EA0182D}.Debug|x86.Deploy.0 = Debug|x86
		{51695409-E905-4B80-9243-AA6B8EA0182D}.Release|Any CPU.ActiveCfg = Release|x86
		{51695409-E905-4B80-9243-AA6B8EA0182D}.Release|ARM.ActiveCfg = Release|ARM
		{51695409-E905-4B80-9243-AA6B8EA0182D}.Release|ARM.Build.0 = Release|ARM
		{51695409-E905-4B80-9243-AA6B8EA0182D}.Release|ARM.Deploy.0 = Release|ARM
		{51695409-E905-4B80-9243-AA6B8EA0182D}.Release|iPhone.ActiveCfg = Release|x86
		{51695409-E905-4B80-9243-AA6B8EA0182D}.Release|iPhoneSimulator.ActiveCfg = Release|x86
		{51695409-E905-4B80-9243-AA6B8EA0182D}.Release|x64.ActiveCfg = Release|x64
		{51695409-E905-4B80-9243-AA6B8EA0182D}.Release|x64.Build.0 = Release|x64
		{51695409-E905-4B80-9243-AA6B8EA0182D}.Release|x64.Deploy.0 = Release|x64
		{51695409-E905-4B80-9243-AA6B8EA0182D}.Release|x86.ActiveCfg = Release|x86
		{51695409-E905-4B80-9243-AA6B8EA0182D}.Release|x86.Build.0 = Release|x86
		{51695409-E905-4B80-9243-AA6B8EA0182D}.Release|x86.Deploy.0 = Release|x86
		{F0706E32-58A2-4BBD-81C1-5F9F3600C9BF}.Debug|Any CPU.ActiveCfg = Debug|Any CPU
		{F0706E32-58A2-4BBD-81C1-5F9F3600C9BF}.Debug|Any CPU.Build.0 = Debug|Any CPU
		{F0706E32-58A2-4BBD-81C1-5F9F3600C9BF}.Debug|ARM.ActiveCfg = Debug|ARM
		{F0706E32-58A2-4BBD-81C1-5F9F3600C9BF}.Debug|ARM.Build.0 = Debug|ARM
		{F0706E32-58A2-4BBD-81C1-5F9F3600C9BF}.Debug|iPhone.ActiveCfg = Debug|Any CPU
		{F0706E32-58A2-4BBD-81C1-5F9F3600C9BF}.Debug|iPhone.Build.0 = Debug|Any CPU
		{F0706E32-58A2-4BBD-81C1-5F9F3600C9BF}.Debug|iPhoneSimulator.ActiveCfg = Debug|Any CPU
		{F0706E32-58A2-4BBD-81C1-5F9F3600C9BF}.Debug|iPhoneSimulator.Build.0 = Debug|Any CPU
		{F0706E32-58A2-4BBD-81C1-5F9F3600C9BF}.Debug|x64.ActiveCfg = Debug|x64
		{F0706E32-58A2-4BBD-81C1-5F9F3600C9BF}.Debug|x64.Build.0 = Debug|x64
		{F0706E32-58A2-4BBD-81C1-5F9F3600C9BF}.Debug|x86.ActiveCfg = Debug|x86
		{F0706E32-58A2-4BBD-81C1-5F9F3600C9BF}.Debug|x86.Build.0 = Debug|x86
		{F0706E32-58A2-4BBD-81C1-5F9F3600C9BF}.Release|Any CPU.ActiveCfg = Release|Any CPU
		{F0706E32-58A2-4BBD-81C1-5F9F3600C9BF}.Release|Any CPU.Build.0 = Release|Any CPU
		{F0706E32-58A2-4BBD-81C1-5F9F3600C9BF}.Release|ARM.ActiveCfg = Release|ARM
		{F0706E32-58A2-4BBD-81C1-5F9F3600C9BF}.Release|ARM.Build.0 = Release|ARM
		{F0706E32-58A2-4BBD-81C1-5F9F3600C9BF}.Release|iPhone.ActiveCfg = Release|Any CPU
		{F0706E32-58A2-4BBD-81C1-5F9F3600C9BF}.Release|iPhone.Build.0 = Release|Any CPU
		{F0706E32-58A2-4BBD-81C1-5F9F3600C9BF}.Release|iPhoneSimulator.ActiveCfg = Release|Any CPU
		{F0706E32-58A2-4BBD-81C1-5F9F3600C9BF}.Release|iPhoneSimulator.Build.0 = Release|Any CPU
		{F0706E32-58A2-4BBD-81C1-5F9F3600C9BF}.Release|x64.ActiveCfg = Release|x64
		{F0706E32-58A2-4BBD-81C1-5F9F3600C9BF}.Release|x64.Build.0 = Release|x64
		{F0706E32-58A2-4BBD-81C1-5F9F3600C9BF}.Release|x86.ActiveCfg = Release|x86
		{F0706E32-58A2-4BBD-81C1-5F9F3600C9BF}.Release|x86.Build.0 = Release|x86
		{AA2A23C6-A967-4E28-8954-7CC913E9C79C}.Debug|Any CPU.ActiveCfg = Debug|Any CPU
		{AA2A23C6-A967-4E28-8954-7CC913E9C79C}.Debug|Any CPU.Build.0 = Debug|Any CPU
		{AA2A23C6-A967-4E28-8954-7CC913E9C79C}.Debug|ARM.ActiveCfg = Debug|Any CPU
		{AA2A23C6-A967-4E28-8954-7CC913E9C79C}.Debug|ARM.Build.0 = Debug|Any CPU
		{AA2A23C6-A967-4E28-8954-7CC913E9C79C}.Debug|iPhone.ActiveCfg = Debug|Any CPU
		{AA2A23C6-A967-4E28-8954-7CC913E9C79C}.Debug|iPhone.Build.0 = Debug|Any CPU
		{AA2A23C6-A967-4E28-8954-7CC913E9C79C}.Debug|iPhoneSimulator.ActiveCfg = Debug|Any CPU
		{AA2A23C6-A967-4E28-8954-7CC913E9C79C}.Debug|iPhoneSimulator.Build.0 = Debug|Any CPU
		{AA2A23C6-A967-4E28-8954-7CC913E9C79C}.Debug|x64.ActiveCfg = Debug|Any CPU
		{AA2A23C6-A967-4E28-8954-7CC913E9C79C}.Debug|x64.Build.0 = Debug|Any CPU
		{AA2A23C6-A967-4E28-8954-7CC913E9C79C}.Debug|x86.ActiveCfg = Debug|Any CPU
		{AA2A23C6-A967-4E28-8954-7CC913E9C79C}.Debug|x86.Build.0 = Debug|Any CPU
		{AA2A23C6-A967-4E28-8954-7CC913E9C79C}.Release|Any CPU.ActiveCfg = Release|Any CPU
		{AA2A23C6-A967-4E28-8954-7CC913E9C79C}.Release|Any CPU.Build.0 = Release|Any CPU
		{AA2A23C6-A967-4E28-8954-7CC913E9C79C}.Release|ARM.ActiveCfg = Release|Any CPU
		{AA2A23C6-A967-4E28-8954-7CC913E9C79C}.Release|ARM.Build.0 = Release|Any CPU
		{AA2A23C6-A967-4E28-8954-7CC913E9C79C}.Release|iPhone.ActiveCfg = Release|Any CPU
		{AA2A23C6-A967-4E28-8954-7CC913E9C79C}.Release|iPhone.Build.0 = Release|Any CPU
		{AA2A23C6-A967-4E28-8954-7CC913E9C79C}.Release|iPhoneSimulator.ActiveCfg = Release|Any CPU
		{AA2A23C6-A967-4E28-8954-7CC913E9C79C}.Release|iPhoneSimulator.Build.0 = Release|Any CPU
		{AA2A23C6-A967-4E28-8954-7CC913E9C79C}.Release|x64.ActiveCfg = Release|Any CPU
		{AA2A23C6-A967-4E28-8954-7CC913E9C79C}.Release|x64.Build.0 = Release|Any CPU
		{AA2A23C6-A967-4E28-8954-7CC913E9C79C}.Release|x86.ActiveCfg = Release|Any CPU
		{AA2A23C6-A967-4E28-8954-7CC913E9C79C}.Release|x86.Build.0 = Release|Any CPU
	EndGlobalSection
	GlobalSection(SolutionProperties) = preSolution
		HideSolutionNode = FALSE
	EndGlobalSection
	GlobalSection(NestedProjects) = preSolution
		{5F958911-0744-4AB9-B453-FC571F05B888} = {716F794B-1648-4823-9877-BE9CA68DEDFA}
		{5C56EEFE-9135-4C99-9F38-B7A701152C7B} = {716F794B-1648-4823-9877-BE9CA68DEDFA}
		{71A19843-2542-48AE-A736-A0D9E71524A1} = {716F794B-1648-4823-9877-BE9CA68DEDFA}
		{F0706E32-58A2-4BBD-81C1-5F9F3600C9BF} = {716F794B-1648-4823-9877-BE9CA68DEDFA}
	EndGlobalSection
EndGlobal
