
Microsoft Visual Studio Solution File, Format Version 12.00
# Visual Studio 2012
Project("{FAE04EC0-301F-11D3-BF4B-00C04F79EFBC}") = "TestApp", "TestApp.csproj", "{65443FE2-F8B6-4CB5-B807-25141F3718E3}"
EndProject
Project("{FAE04EC0-301F-11D3-BF4B-00C04F79EFBC}") = "TestApp.iOS", "iOS\TestApp.iOS.csproj", "{E3C4892D-601E-4C3D-8C54-53D2F66BB12F}"
EndProject
Project("{FAE04EC0-301F-11D3-BF4B-00C04F79EFBC}") = "TestApp.Droid", "Droid\TestApp.Droid.csproj", "{17352957-C358-48D0-9F17-97E0D64CEFA7}"
EndProject
Project("{2150E333-8FDC-42A3-9474-1A3956D46DE8}") = "Controls Libraries", "Controls Libraries", "{716F794B-1648-4823-9877-BE9CA68DEDFA}"
EndProject
Project("{FAE04EC0-301F-11D3-BF4B-00C04F79EFBC}") = "Messier16.Forms.Controls", "..\Controls\Messier16.Forms.Controls.csproj", "{5F958911-0744-4AB9-B453-FC571F05B888}"
EndProject
Project("{FAE04EC0-301F-11D3-BF4B-00C04F79EFBC}") = "Messier16.Forms.iOS.Controls", "..\iOS.Controls\Messier16.Forms.iOS.Controls.csproj", "{5C56EEFE-9135-4C99-9F38-B7A701152C7B}"
EndProject
Global
	GlobalSection(SolutionConfigurationPlatforms) = preSolution
		Debug|Any CPU = Debug|Any CPU
		Release|Any CPU = Release|Any CPU
		Debug|iPhoneSimulator = Debug|iPhoneSimulator
		Release|iPhone = Release|iPhone
		Release|iPhoneSimulator = Release|iPhoneSimulator
		Debug|iPhone = Debug|iPhone
	EndGlobalSection
	GlobalSection(ProjectConfigurationPlatforms) = postSolution
		{17352957-C358-48D0-9F17-97E0D64CEFA7}.Debug|Any CPU.ActiveCfg = Debug|Any CPU
		{17352957-C358-48D0-9F17-97E0D64CEFA7}.Debug|Any CPU.Build.0 = Debug|Any CPU
		{17352957-C358-48D0-9F17-97E0D64CEFA7}.Debug|iPhone.ActiveCfg = Debug|Any CPU
		{17352957-C358-48D0-9F17-97E0D64CEFA7}.Debug|iPhone.Build.0 = Debug|Any CPU
		{17352957-C358-48D0-9F17-97E0D64CEFA7}.Debug|iPhoneSimulator.ActiveCfg = Debug|Any CPU
		{17352957-C358-48D0-9F17-97E0D64CEFA7}.Debug|iPhoneSimulator.Build.0 = Debug|Any CPU
		{17352957-C358-48D0-9F17-97E0D64CEFA7}.Release|Any CPU.ActiveCfg = Release|Any CPU
		{17352957-C358-48D0-9F17-97E0D64CEFA7}.Release|Any CPU.Build.0 = Release|Any CPU
		{17352957-C358-48D0-9F17-97E0D64CEFA7}.Release|iPhone.ActiveCfg = Release|Any CPU
		{17352957-C358-48D0-9F17-97E0D64CEFA7}.Release|iPhone.Build.0 = Release|Any CPU
		{17352957-C358-48D0-9F17-97E0D64CEFA7}.Release|iPhoneSimulator.ActiveCfg = Release|Any CPU
		{17352957-C358-48D0-9F17-97E0D64CEFA7}.Release|iPhoneSimulator.Build.0 = Release|Any CPU
		{5C56EEFE-9135-4C99-9F38-B7A701152C7B}.Debug|Any CPU.ActiveCfg = Debug|Any CPU
		{5C56EEFE-9135-4C99-9F38-B7A701152C7B}.Debug|Any CPU.Build.0 = Debug|Any CPU
		{5C56EEFE-9135-4C99-9F38-B7A701152C7B}.Debug|iPhone.ActiveCfg = Debug|Any CPU
		{5C56EEFE-9135-4C99-9F38-B7A701152C7B}.Debug|iPhone.Build.0 = Debug|Any CPU
		{5C56EEFE-9135-4C99-9F38-B7A701152C7B}.Debug|iPhoneSimulator.ActiveCfg = Debug|Any CPU
		{5C56EEFE-9135-4C99-9F38-B7A701152C7B}.Debug|iPhoneSimulator.Build.0 = Debug|Any CPU
		{5C56EEFE-9135-4C99-9F38-B7A701152C7B}.Release|Any CPU.ActiveCfg = Release|Any CPU
		{5C56EEFE-9135-4C99-9F38-B7A701152C7B}.Release|Any CPU.Build.0 = Release|Any CPU
		{5C56EEFE-9135-4C99-9F38-B7A701152C7B}.Release|iPhone.ActiveCfg = Release|Any CPU
		{5C56EEFE-9135-4C99-9F38-B7A701152C7B}.Release|iPhone.Build.0 = Release|Any CPU
		{5C56EEFE-9135-4C99-9F38-B7A701152C7B}.Release|iPhoneSimulator.ActiveCfg = Release|Any CPU
		{5C56EEFE-9135-4C99-9F38-B7A701152C7B}.Release|iPhoneSimulator.Build.0 = Release|Any CPU
		{5F958911-0744-4AB9-B453-FC571F05B888}.Debug|Any CPU.ActiveCfg = Debug|Any CPU
		{5F958911-0744-4AB9-B453-FC571F05B888}.Debug|Any CPU.Build.0 = Debug|Any CPU
		{5F958911-0744-4AB9-B453-FC571F05B888}.Debug|iPhone.ActiveCfg = Debug|Any CPU
		{5F958911-0744-4AB9-B453-FC571F05B888}.Debug|iPhone.Build.0 = Debug|Any CPU
		{5F958911-0744-4AB9-B453-FC571F05B888}.Debug|iPhoneSimulator.ActiveCfg = Debug|Any CPU
		{5F958911-0744-4AB9-B453-FC571F05B888}.Debug|iPhoneSimulator.Build.0 = Debug|Any CPU
		{5F958911-0744-4AB9-B453-FC571F05B888}.Release|Any CPU.ActiveCfg = Release|Any CPU
		{5F958911-0744-4AB9-B453-FC571F05B888}.Release|Any CPU.Build.0 = Release|Any CPU
		{5F958911-0744-4AB9-B453-FC571F05B888}.Release|iPhone.ActiveCfg = Release|Any CPU
		{5F958911-0744-4AB9-B453-FC571F05B888}.Release|iPhone.Build.0 = Release|Any CPU
		{5F958911-0744-4AB9-B453-FC571F05B888}.Release|iPhoneSimulator.ActiveCfg = Release|Any CPU
		{5F958911-0744-4AB9-B453-FC571F05B888}.Release|iPhoneSimulator.Build.0 = Release|Any CPU
		{65443FE2-F8B6-4CB5-B807-25141F3718E3}.Debug|Any CPU.ActiveCfg = Debug|Any CPU
		{65443FE2-F8B6-4CB5-B807-25141F3718E3}.Debug|Any CPU.Build.0 = Debug|Any CPU
		{65443FE2-F8B6-4CB5-B807-25141F3718E3}.Debug|iPhone.ActiveCfg = Debug|Any CPU
		{65443FE2-F8B6-4CB5-B807-25141F3718E3}.Debug|iPhone.Build.0 = Debug|Any CPU
		{65443FE2-F8B6-4CB5-B807-25141F3718E3}.Debug|iPhoneSimulator.ActiveCfg = Debug|Any CPU
		{65443FE2-F8B6-4CB5-B807-25141F3718E3}.Debug|iPhoneSimulator.Build.0 = Debug|Any CPU
		{65443FE2-F8B6-4CB5-B807-25141F3718E3}.Release|Any CPU.ActiveCfg = Release|Any CPU
		{65443FE2-F8B6-4CB5-B807-25141F3718E3}.Release|Any CPU.Build.0 = Release|Any CPU
		{65443FE2-F8B6-4CB5-B807-25141F3718E3}.Release|iPhone.ActiveCfg = Release|Any CPU
		{65443FE2-F8B6-4CB5-B807-25141F3718E3}.Release|iPhone.Build.0 = Release|Any CPU
		{65443FE2-F8B6-4CB5-B807-25141F3718E3}.Release|iPhoneSimulator.ActiveCfg = Release|Any CPU
		{65443FE2-F8B6-4CB5-B807-25141F3718E3}.Release|iPhoneSimulator.Build.0 = Release|Any CPU
		{E3C4892D-601E-4C3D-8C54-53D2F66BB12F}.Debug|Any CPU.ActiveCfg = Debug|iPhoneSimulator
		{E3C4892D-601E-4C3D-8C54-53D2F66BB12F}.Debug|Any CPU.Build.0 = Debug|iPhoneSimulator
		{E3C4892D-601E-4C3D-8C54-53D2F66BB12F}.Debug|iPhone.ActiveCfg = Debug|iPhone
		{E3C4892D-601E-4C3D-8C54-53D2F66BB12F}.Debug|iPhone.Build.0 = Debug|iPhone
		{E3C4892D-601E-4C3D-8C54-53D2F66BB12F}.Debug|iPhoneSimulator.ActiveCfg = Debug|iPhoneSimulator
		{E3C4892D-601E-4C3D-8C54-53D2F66BB12F}.Debug|iPhoneSimulator.Build.0 = Debug|iPhoneSimulator
		{E3C4892D-601E-4C3D-8C54-53D2F66BB12F}.Release|Any CPU.ActiveCfg = Release|iPhone
		{E3C4892D-601E-4C3D-8C54-53D2F66BB12F}.Release|Any CPU.Build.0 = Release|iPhone
		{E3C4892D-601E-4C3D-8C54-53D2F66BB12F}.Release|iPhone.ActiveCfg = Release|iPhone
		{E3C4892D-601E-4C3D-8C54-53D2F66BB12F}.Release|iPhone.Build.0 = Release|iPhone
		{E3C4892D-601E-4C3D-8C54-53D2F66BB12F}.Release|iPhoneSimulator.ActiveCfg = Release|iPhoneSimulator
		{E3C4892D-601E-4C3D-8C54-53D2F66BB12F}.Release|iPhoneSimulator.Build.0 = Release|iPhoneSimulator
	EndGlobalSection
	GlobalSection(NestedProjects) = preSolution
		{5F958911-0744-4AB9-B453-FC571F05B888} = {716F794B-1648-4823-9877-BE9CA68DEDFA}
		{5C56EEFE-9135-4C99-9F38-B7A701152C7B} = {716F794B-1648-4823-9877-BE9CA68DEDFA}
	EndGlobalSection
EndGlobal
